
Microsoft Visual Studio Solution File, Format Version 12.00
# Visual Studio Version 17
VisualStudioVersion = 17.11.35222.181
MinimumVisualStudioVersion = 10.0.40219.1
Project("{FAE04EC0-301F-11D3-BF4B-00C04F79EFBC}") = "AppPaiement", "AppPaiement\AppPaiement.csproj", "{125A33D1-0880-4A5C-954C-7317555D0036}"
EndProject
Global
	GlobalSection(SolutionConfigurationPlatforms) = preSolution
		Debug|Any CPU = Debug|Any CPU
		Release|Any CPU = Release|Any CPU
	EndGlobalSection
	GlobalSection(ProjectConfigurationPlatforms) = postSolution
		{125A33D1-0880-4A5C-954C-7317555D0036}.Debug|Any CPU.ActiveCfg = Debug|Any CPU
		{125A33D1-0880-4A5C-954C-7317555D0036}.Debug|Any CPU.Build.0 = Debug|Any CPU
		{125A33D1-0880-4A5C-954C-7317555D0036}.Release|Any CPU.ActiveCfg = Release|Any CPU
		{125A33D1-0880-4A5C-954C-7317555D0036}.Release|Any CPU.Build.0 = Release|Any CPU
	EndGlobalSection
	GlobalSection(SolutionProperties) = preSolution
		HideSolutionNode = FALSE
	EndGlobalSection
	GlobalSection(ExtensibilityGlobals) = postSolution
		SolutionGuid = {3ABD4AB3-AFB9-4DB0-9C5F-5987FF19D7C1}
	EndGlobalSection
EndGlobal
